
Microsoft Visual Studio Solution File, Format Version 12.00
# Visual Studio Version 17
VisualStudioVersion = 17.10.35013.160
MinimumVisualStudioVersion = 10.0.40219.1
Project("{9A19103F-16F7-4668-BE54-9A1E7A4F7556}") = "Store", "Store.csproj", "{F6EEBFD3-4F2D-447A-B52C-050BEEF05758}"
EndProject
Global
	GlobalSection(SolutionConfigurationPlatforms) = preSolution
		Debug|Any CPU = Debug|Any CPU
		Release|Any CPU = Release|Any CPU
	EndGlobalSection
	GlobalSection(ProjectConfigurationPlatforms) = postSolution
		{F6EEBFD3-4F2D-447A-B52C-050BEEF05758}.Debug|Any CPU.ActiveCfg = Debug|Any CPU
		{F6EEBFD3-4F2D-447A-B52C-050BEEF05758}.Debug|Any CPU.Build.0 = Debug|Any CPU
		{F6EEBFD3-4F2D-447A-B52C-050BEEF05758}.Release|Any CPU.ActiveCfg = Release|Any CPU
		{F6EEBFD3-4F2D-447A-B52C-050BEEF05758}.Release|Any CPU.Build.0 = Release|Any CPU
	EndGlobalSection
	GlobalSection(SolutionProperties) = preSolution
		HideSolutionNode = FALSE
	EndGlobalSection
	GlobalSection(ExtensibilityGlobals) = postSolution
		SolutionGuid = {D2522BE0-81E5-4BE2-AEBF-00633DCAD2A2}
	EndGlobalSection
EndGlobal
